[[package]]
name = "appdirs"
version = "1.4.4"
description = "A small Python module for determining appropriate platform-specific dirs, e.g. a \"user data dir\"."
category = "dev"
optional = false
python-versions = "*"

[[package]]
name = "asyncio"
version = "3.4.3"
description = "reference implementation of PEP 3156"
category = "main"
optional = false
python-versions = "*"

[[package]]
name = "attrs"
version = "20.3.0"
description = "Classes Without Boilerplate"
category = "main"
optional = false
python-versions = ">=2.7, !=3.0.*, !=3.1.*, !=3.2.*, !=3.3.*"

[package.extras]
dev = ["coverage[toml] (>=5.0.2)", "hypothesis", "pympler", "pytest (>=4.3.0)", "six", "zope.interface", "furo", "sphinx", "pre-commit"]
docs = ["furo", "sphinx", "zope.interface"]
tests = ["coverage[toml] (>=5.0.2)", "hypothesis", "pympler", "pytest (>=4.3.0)", "six", "zope.interface"]
tests_no_zope = ["coverage[toml] (>=5.0.2)", "hypothesis", "pympler", "pytest (>=4.3.0)", "six"]

[[package]]
name = "automat"
version = "20.2.0"
description = "Self-service finite-state machines for the programmer on the go."
category = "main"
optional = false
python-versions = "*"

[package.dependencies]
attrs = ">=19.2.0"
six = "*"

[package.extras]
visualize = ["graphviz (>0.5.1)", "Twisted (>=16.1.1)"]

[[package]]
name = "bleak"
version = "0.9.1"
description = "Bluetooth Low Energy platform Agnostic Klient"
category = "main"
optional = false
python-versions = "*"

[package.dependencies]
pyobjc-core = {version = "*", markers = "platform_system == \"Darwin\""}
pyobjc-framework-CoreBluetooth = {version = "*", markers = "platform_system == \"Darwin\""}
pyobjc-framework-libdispatch = {version = "*", markers = "platform_system == \"Darwin\""}
pythonnet = {version = "*", markers = "platform_system == \"Windows\""}
txdbus = {version = "*", markers = "platform_system == \"Linux\""}

[[package]]
name = "cfgv"
version = "3.2.0"
description = "Validate configuration and produce human readable error messages."
category = "dev"
optional = false
python-versions = ">=3.6.1"

[[package]]
name = "click"
version = "7.1.2"
description = "Composable command line interface toolkit"
category = "main"
optional = false
python-versions = ">=2.7, !=3.0.*, !=3.1.*, !=3.2.*, !=3.3.*, !=3.4.*"

[[package]]
name = "colorama"
version = "0.4.4"
description = "Cross-platform colored terminal text."
category = "main"
optional = false
python-versions = ">=2.7, !=3.0.*, !=3.1.*, !=3.2.*, !=3.3.*, !=3.4.*"

[[package]]
name = "constantly"
version = "15.1.0"
description = "Symbolic constants in Python"
category = "main"
optional = false
python-versions = "*"

[[package]]
name = "distlib"
version = "0.3.1"
description = "Distribution utilities"
category = "dev"
optional = false
python-versions = "*"

[[package]]
name = "filelock"
version = "3.0.12"
description = "A platform independent file lock."
category = "dev"
optional = false
python-versions = "*"

[[package]]
name = "flake8"
version = "3.8.4"
description = "the modular source code checker: pep8 pyflakes and co"
category = "dev"
optional = false
python-versions = "!=3.0.*,!=3.1.*,!=3.2.*,!=3.3.*,>=2.7"

[package.dependencies]
importlib-metadata = {version = "*", markers = "python_version < \"3.8\""}
mccabe = ">=0.6.0,<0.7.0"
pycodestyle = ">=2.6.0a1,<2.7.0"
pyflakes = ">=2.2.0,<2.3.0"

[[package]]
name = "hyperlink"
version = "20.0.1"
description = "A featureful, immutable, and correct URL for Python."
category = "main"
optional = false
python-versions = ">=2.6, !=3.0.*, !=3.1.*, !=3.2.*, !=3.3.*"

[package.dependencies]
idna = ">=2.5"

[[package]]
name = "identify"
version = "1.5.10"
description = "File identification library for Python"
category = "dev"
optional = false
python-versions = "!=3.0.*,!=3.1.*,!=3.2.*,!=3.3.*,>=2.7"

[package.extras]
license = ["editdistance"]

[[package]]
name = "idna"
version = "2.10"
description = "Internationalized Domain Names in Applications (IDNA)"
category = "main"
optional = false
python-versions = ">=2.7, !=3.0.*, !=3.1.*, !=3.2.*, !=3.3.*"

[[package]]
name = "importlib-metadata"
version = "3.1.0"
description = "Read metadata from Python packages"
category = "dev"
optional = false
python-versions = ">=3.6"

[package.dependencies]
zipp = ">=0.5"

[package.extras]
docs = ["sphinx", "rst.linker"]
testing = ["packaging", "pep517", "unittest2", "importlib-resources (>=1.3)"]

[[package]]
name = "importlib-resources"
version = "3.3.0"
description = "Read resources from Python packages"
category = "dev"
optional = false
python-versions = "!=3.0.*,!=3.1.*,!=3.2.*,!=3.3.*,!=3.4.*,!=3.5.*,>=2.7"

[package.dependencies]
zipp = {version = ">=0.4", markers = "python_version < \"3.8\""}

[package.extras]
docs = ["sphinx", "rst.linker", "jaraco.packaging"]

[[package]]
name = "incremental"
version = "17.5.0"
description = ""
category = "main"
optional = false
python-versions = "*"

[package.extras]
scripts = ["click (>=6.0)", "twisted (>=16.4.0)"]

[[package]]
name = "mccabe"
version = "0.6.1"
description = "McCabe checker, plugin for flake8"
category = "dev"
optional = false
python-versions = "*"

[[package]]
name = "nodeenv"
version = "1.5.0"
description = "Node.js virtual environment builder"
category = "dev"
optional = false
python-versions = "*"

[[package]]
name = "pre-commit"
version = "2.9.2"
description = "A framework for managing and maintaining multi-language pre-commit hooks."
category = "dev"
optional = false
python-versions = ">=3.6.1"

[package.dependencies]
cfgv = ">=2.0.0"
identify = ">=1.0.0"
importlib-metadata = {version = "*", markers = "python_version < \"3.8\""}
importlib-resources = {version = "*", markers = "python_version < \"3.7\""}
nodeenv = ">=0.11.1"
pyyaml = ">=5.1"
toml = "*"
virtualenv = ">=20.0.8"

[[package]]
name = "pycodestyle"
version = "2.6.0"
description = "Python style guide checker"
category = "dev"
optional = false
python-versions = ">=2.7, !=3.0.*, !=3.1.*, !=3.2.*, !=3.3.*"

[[package]]
name = "pycparser"
version = "2.20"
description = "C parser in Python"
category = "main"
optional = false
python-versions = ">=2.7, !=3.0.*, !=3.1.*, !=3.2.*, !=3.3.*"

[[package]]
name = "pyflakes"
version = "2.2.0"
description = "passive checker of Python programs"
category = "dev"
optional = false
python-versions = ">=2.7, !=3.0.*, !=3.1.*, !=3.2.*, !=3.3.*"

[[package]]
name = "pyhamcrest"
version = "2.0.2"
description = "Hamcrest framework for matcher objects"
category = "main"
optional = false
python-versions = ">=3.5"

[[package]]
name = "pyobjc-core"
version = "7.0.1"
description = "Python<->ObjC Interoperability Module"
category = "main"
optional = false
python-versions = ">=3.6"

[[package]]
name = "pyobjc-framework-cocoa"
version = "7.0.1"
description = "Wrappers for the Cocoa frameworks on macOS"
category = "main"
optional = false
python-versions = ">=3.6"

[package.dependencies]
pyobjc-core = ">=7.0.1"

[[package]]
name = "pyobjc-framework-corebluetooth"
version = "7.0.1"
description = "Wrappers for the framework CoreBluetooth on macOS"
category = "main"
optional = false
python-versions = ">=3.6"

[package.dependencies]
pyobjc-core = ">=7.0.1"
pyobjc-framework-Cocoa = ">=7.0.1"

[[package]]
name = "pyobjc-framework-libdispatch"
version = "7.0.1"
description = "Wrappers for libdispatch on macOS"
category = "main"
optional = false
python-versions = ">=3.6"

[package.dependencies]
pyobjc-core = ">=7.0.1"

[[package]]
name = "pythonnet"
version = "2.5.1"
description = ".Net and Mono integration for Python"
category = "main"
optional = false
python-versions = "*"

[package.dependencies]
pycparser = "*"

[[package]]
name = "pyyaml"
version = "5.3.1"
description = "YAML parser and emitter for Python"
category = "dev"
optional = false
python-versions = ">=2.7, !=3.0.*, !=3.1.*, !=3.2.*, !=3.3.*, !=3.4.*"

[[package]]
name = "shellingham"
version = "1.3.2"
description = "Tool to Detect Surrounding Shell"
category = "main"
optional = false
python-versions = "!=3.0,!=3.1,!=3.2,!=3.3,>=2.6"

[[package]]
name = "six"
version = "1.15.0"
description = "Python 2 and 3 compatibility utilities"
category = "main"
optional = false
python-versions = ">=2.7, !=3.0.*, !=3.1.*, !=3.2.*"

[[package]]
name = "toml"
version = "0.10.2"
description = "Python Library for Tom's Obvious, Minimal Language"
category = "dev"
optional = false
python-versions = ">=2.6, !=3.0.*, !=3.1.*, !=3.2.*"

[[package]]
name = "twisted"
version = "20.3.0"
description = "An asynchronous networking framework written in Python"
category = "main"
optional = false
python-versions = ">=2.7,!=3.0.*,!=3.1.*,!=3.2.*,!=3.3.*,!=3.4.*"

[package.dependencies]
attrs = ">=19.2.0"
Automat = ">=0.3.0"
constantly = ">=15.1"
hyperlink = ">=17.1.1"
incremental = ">=16.10.1"
PyHamcrest = ">=1.9.0,<1.10.0 || >1.10.0"
"zope.interface" = ">=4.4.2"

[package.extras]
all_non_platform = ["pyopenssl (>=16.0.0)", "service_identity (>=18.1.0)", "idna (>=0.6,!=2.3)", "pyasn1", "cryptography (>=2.5)", "appdirs (>=1.4.0)", "bcrypt (>=3.0.0)", "soappy", "pyserial (>=3.0)", "h2 (>=3.0,<4.0)", "priority (>=1.1.0,<2.0)", "pywin32 (!=226)"]
conch = ["pyasn1", "cryptography (>=2.5)", "appdirs (>=1.4.0)", "bcrypt (>=3.0.0)"]
dev = ["pyflakes (>=1.0.0)", "twisted-dev-tools (>=0.0.2)", "python-subunit", "sphinx (>=1.3.1)", "towncrier (>=17.4.0)"]
http2 = ["h2 (>=3.0,<4.0)", "priority (>=1.1.0,<2.0)"]
macos_platform = ["pyobjc-core", "pyobjc-framework-cfnetwork", "pyobjc-framework-cocoa", "pyopenssl (>=16.0.0)", "service_identity (>=18.1.0)", "idna (>=0.6,!=2.3)", "pyasn1", "cryptography (>=2.5)", "appdirs (>=1.4.0)", "bcrypt (>=3.0.0)", "soappy", "pyserial (>=3.0)", "h2 (>=3.0,<4.0)", "priority (>=1.1.0,<2.0)", "pywin32 (!=226)"]
osx_platform = ["pyobjc-core", "pyobjc-framework-cfnetwork", "pyobjc-framework-cocoa", "pyopenssl (>=16.0.0)", "service_identity (>=18.1.0)", "idna (>=0.6,!=2.3)", "pyasn1", "cryptography (>=2.5)", "appdirs (>=1.4.0)", "bcrypt (>=3.0.0)", "soappy", "pyserial (>=3.0)", "h2 (>=3.0,<4.0)", "priority (>=1.1.0,<2.0)", "pywin32 (!=226)"]
serial = ["pyserial (>=3.0)", "pywin32 (!=226)"]
soap = ["soappy"]
tls = ["pyopenssl (>=16.0.0)", "service_identity (>=18.1.0)", "idna (>=0.6,!=2.3)"]
windows_platform = ["pywin32 (!=226)", "pyopenssl (>=16.0.0)", "service_identity (>=18.1.0)", "idna (>=0.6,!=2.3)", "pyasn1", "cryptography (>=2.5)", "appdirs (>=1.4.0)", "bcrypt (>=3.0.0)", "soappy", "pyserial (>=3.0)", "h2 (>=3.0,<4.0)", "priority (>=1.1.0,<2.0)", "pywin32 (!=226)"]

[[package]]
name = "txdbus"
version = "1.1.2"
description = "A native Python implementation of the DBus protocol for Twisted applications."
category = "main"
optional = false
python-versions = "*"

[package.dependencies]
six = "*"
twisted = ">=10.1"

[[package]]
name = "typer"
version = "0.1.1"
description = "Typer, build great CLIs. Easy to code. Based on Python type hints."
category = "main"
optional = false
python-versions = ">=3.6"

[package.dependencies]
click = ">=7.1.1,<7.2.0"
colorama = {version = "*", optional = true, markers = "extra == \"all\""}
shellingham = {version = "*", optional = true, markers = "extra == \"all\""}

[package.extras]
all = ["colorama", "shellingham"]
dev = ["autoflake", "flake8"]
doc = ["mkdocs", "mkdocs-material", "markdown-include"]
test = ["shellingham", "pytest (>=4.4.0)", "pytest-cov", "coverage", "pytest-xdist", "pytest-sugar", "mypy", "black", "isort"]

[[package]]
name = "virtualenv"
version = "20.2.1"
description = "Virtual Python Environment builder"
category = "dev"
optional = false
python-versions = "!=3.0.*,!=3.1.*,!=3.2.*,!=3.3.*,>=2.7"

[package.dependencies]
appdirs = ">=1.4.3,<2"
distlib = ">=0.3.1,<1"
filelock = ">=3.0.0,<4"
importlib-metadata = {version = ">=0.12", markers = "python_version < \"3.8\""}
importlib-resources = {version = ">=1.0", markers = "python_version < \"3.7\""}
six = ">=1.9.0,<2"

[package.extras]
docs = ["proselint (>=0.10.2)", "sphinx (>=3)", "sphinx-argparse (>=0.2.5)", "sphinx-rtd-theme (>=0.4.3)", "towncrier (>=19.9.0rc1)"]
testing = ["coverage (>=4)", "coverage-enable-subprocess (>=1)", "flaky (>=3)", "pytest (>=4)", "pytest-env (>=0.6.2)", "pytest-freezegun (>=0.4.1)", "pytest-mock (>=2)", "pytest-randomly (>=1)", "pytest-timeout (>=1)", "pytest-xdist (>=1.31.0)", "packaging (>=20.0)", "xonsh (>=0.9.16)"]

[[package]]
name = "zipp"
version = "3.4.0"
description = "Backport of pathlib-compatible object wrapper for zip files"
category = "dev"
optional = false
python-versions = ">=3.6"

[package.extras]
docs = ["sphinx", "jaraco.packaging (>=3.2)", "rst.linker (>=1.9)"]
testing = ["pytest (>=3.5,!=3.7.3)", "pytest-checkdocs (>=1.2.3)", "pytest-flake8", "pytest-cov", "jaraco.test (>=3.2.0)", "jaraco.itertools", "func-timeout", "pytest-black (>=0.3.7)", "pytest-mypy"]

[[package]]
name = "zope.interface"
version = "5.2.0"
description = "Interfaces for Python"
category = "main"
optional = false
python-versions = ">=2.7, !=3.0.*, !=3.1.*, !=3.2.*, !=3.3.*, !=3.4.*"

[package.extras]
docs = ["sphinx", "repoze.sphinx.autointerface"]
test = ["coverage (>=5.0.3)", "zope.event", "zope.testing"]
testing = ["coverage (>=5.0.3)", "zope.event", "zope.testing"]

[metadata]
lock-version = "1.1"
python-versions = "^3.6.1"
content-hash = "a645ff1fac7efde504603f23a1349f6147cc6b60f3757a4d3810bbdbd51e8ce1"

[metadata.files]
appdirs = [
    {file = "appdirs-1.4.4-py2.py3-none-any.whl", hash = "sha256:a841dacd6b99318a741b166adb07e19ee71a274450e68237b4650ca1055ab128"},
    {file = "appdirs-1.4.4.tar.gz", hash = "sha256:7d5d0167b2b1ba821647616af46a749d1c653740dd0d2415100fe26e27afdf41"},
]
asyncio = [
    {file = "asyncio-3.4.3-cp33-none-win32.whl", hash = "sha256:b62c9157d36187eca799c378e572c969f0da87cd5fc42ca372d92cdb06e7e1de"},
    {file = "asyncio-3.4.3-cp33-none-win_amd64.whl", hash = "sha256:c46a87b48213d7464f22d9a497b9eef8c1928b68320a2fa94240f969f6fec08c"},
    {file = "asyncio-3.4.3-py3-none-any.whl", hash = "sha256:c4d18b22701821de07bd6aea8b53d21449ec0ec5680645e5317062ea21817d2d"},
    {file = "asyncio-3.4.3.tar.gz", hash = "sha256:83360ff8bc97980e4ff25c964c7bd3923d333d177aa4f7fb736b019f26c7cb41"},
]
attrs = [
    {file = "attrs-20.3.0-py2.py3-none-any.whl", hash = "sha256:31b2eced602aa8423c2aea9c76a724617ed67cf9513173fd3a4f03e3a929c7e6"},
    {file = "attrs-20.3.0.tar.gz", hash = "sha256:832aa3cde19744e49938b91fea06d69ecb9e649c93ba974535d08ad92164f700"},
]
automat = [
    {file = "Automat-20.2.0-py2.py3-none-any.whl", hash = "sha256:b6feb6455337df834f6c9962d6ccf771515b7d939bca142b29c20c2376bc6111"},
    {file = "Automat-20.2.0.tar.gz", hash = "sha256:7979803c74610e11ef0c0d68a2942b152df52da55336e0c9d58daf1831cbdf33"},
]
bleak = [
    {file = "bleak-0.9.1-py2.py3-none-any.whl", hash = "sha256:3468d6fa32e7c05f968696b9bcfdc82d0face2c9f829dc2f220b03ae89ba57c3"},
    {file = "bleak-0.9.1.tar.gz", hash = "sha256:f81b0069e5c1570883144c1910b884e5cefe16d3c2ed09e579b6d8f853f08588"},
]
cfgv = [
    {file = "cfgv-3.2.0-py2.py3-none-any.whl", hash = "sha256:32e43d604bbe7896fe7c248a9c2276447dbef840feb28fe20494f62af110211d"},
    {file = "cfgv-3.2.0.tar.gz", hash = "sha256:cf22deb93d4bcf92f345a5c3cd39d3d41d6340adc60c78bbbd6588c384fda6a1"},
]
click = [
    {file = "click-7.1.2-py2.py3-none-any.whl", hash = "sha256:dacca89f4bfadd5de3d7489b7c8a566eee0d3676333fbb50030263894c38c0dc"},
    {file = "click-7.1.2.tar.gz", hash = "sha256:d2b5255c7c6349bc1bd1e59e08cd12acbbd63ce649f2588755783aa94dfb6b1a"},
]
colorama = [
    {file = "colorama-0.4.4-py2.py3-none-any.whl", hash = "sha256:9f47eda37229f68eee03b24b9748937c7dc3868f906e8ba69fbcbdd3bc5dc3e2"},
    {file = "colorama-0.4.4.tar.gz", hash = "sha256:5941b2b48a20143d2267e95b1c2a7603ce057ee39fd88e7329b0c292aa16869b"},
]
constantly = [
    {file = "constantly-15.1.0-py2.py3-none-any.whl", hash = "sha256:dd2fa9d6b1a51a83f0d7dd76293d734046aa176e384bf6e33b7e44880eb37c5d"},
    {file = "constantly-15.1.0.tar.gz", hash = "sha256:586372eb92059873e29eba4f9dec8381541b4d3834660707faf8ba59146dfc35"},
]
distlib = [
    {file = "distlib-0.3.1-py2.py3-none-any.whl", hash = "sha256:8c09de2c67b3e7deef7184574fc060ab8a793e7adbb183d942c389c8b13c52fb"},
    {file = "distlib-0.3.1.zip", hash = "sha256:edf6116872c863e1aa9d5bb7cb5e05a022c519a4594dc703843343a9ddd9bff1"},
]
filelock = [
    {file = "filelock-3.0.12-py3-none-any.whl", hash = "sha256:929b7d63ec5b7d6b71b0fa5ac14e030b3f70b75747cef1b10da9b879fef15836"},
    {file = "filelock-3.0.12.tar.gz", hash = "sha256:18d82244ee114f543149c66a6e0c14e9c4f8a1044b5cdaadd0f82159d6a6ff59"},
]
flake8 = [
    {file = "flake8-3.8.4-py2.py3-none-any.whl", hash = "sha256:749dbbd6bfd0cf1318af27bf97a14e28e5ff548ef8e5b1566ccfb25a11e7c839"},
    {file = "flake8-3.8.4.tar.gz", hash = "sha256:aadae8761ec651813c24be05c6f7b4680857ef6afaae4651a4eccaef97ce6c3b"},
]
hyperlink = [
    {file = "hyperlink-20.0.1-py2.py3-none-any.whl", hash = "sha256:c528d405766f15a2c536230de7e160b65a08e20264d8891b3eb03307b0df3c63"},
    {file = "hyperlink-20.0.1.tar.gz", hash = "sha256:47fcc7cd339c6cb2444463ec3277bdcfe142c8b1daf2160bdd52248deec815af"},
]
identify = [
    {file = "identify-1.5.10-py2.py3-none-any.whl", hash = "sha256:cc86e6a9a390879dcc2976cef169dd9cc48843ed70b7380f321d1b118163c60e"},
    {file = "identify-1.5.10.tar.gz", hash = "sha256:943cd299ac7f5715fcb3f684e2fc1594c1e0f22a90d15398e5888143bd4144b5"},
]
idna = [
    {file = "idna-2.10-py2.py3-none-any.whl", hash = "sha256:b97d804b1e9b523befed77c48dacec60e6dcb0b5391d57af6a65a312a90648c0"},
    {file = "idna-2.10.tar.gz", hash = "sha256:b307872f855b18632ce0c21c5e45be78c0ea7ae4c15c828c20788b26921eb3f6"},
]
importlib-metadata = [
    {file = "importlib_metadata-3.1.0-py2.py3-none-any.whl", hash = "sha256:590690d61efdd716ff82c39ca9a9d4209252adfe288a4b5721181050acbd4175"},
    {file = "importlib_metadata-3.1.0.tar.gz", hash = "sha256:d9b8a46a0885337627a6430db287176970fff18ad421becec1d64cfc763c2099"},
]
importlib-resources = [
    {file = "importlib_resources-3.3.0-py2.py3-none-any.whl", hash = "sha256:a3d34a8464ce1d5d7c92b0ea4e921e696d86f2aa212e684451cb1482c8d84ed5"},
    {file = "importlib_resources-3.3.0.tar.gz", hash = "sha256:7b51f0106c8ec564b1bef3d9c588bc694ce2b92125bbb6278f4f2f5b54ec3592"},
]
incremental = [
    {file = "incremental-17.5.0-py2.py3-none-any.whl", hash = "sha256:717e12246dddf231a349175f48d74d93e2897244939173b01974ab6661406b9f"},
    {file = "incremental-17.5.0.tar.gz", hash = "sha256:7b751696aaf36eebfab537e458929e194460051ccad279c72b755a167eebd4b3"},
]
mccabe = [
    {file = "mccabe-0.6.1-py2.py3-none-any.whl", hash = "sha256:ab8a6258860da4b6677da4bd2fe5dc2c659cff31b3ee4f7f5d64e79735b80d42"},
    {file = "mccabe-0.6.1.tar.gz", hash = "sha256:dd8d182285a0fe56bace7f45b5e7d1a6ebcbf524e8f3bd87eb0f125271b8831f"},
]
nodeenv = [
    {file = "nodeenv-1.5.0-py2.py3-none-any.whl", hash = "sha256:5304d424c529c997bc888453aeaa6362d242b6b4631e90f3d4bf1b290f1c84a9"},
    {file = "nodeenv-1.5.0.tar.gz", hash = "sha256:ab45090ae383b716c4ef89e690c41ff8c2b257b85b309f01f3654df3d084bd7c"},
]
pre-commit = [
    {file = "pre_commit-2.9.2-py2.py3-none-any.whl", hash = "sha256:949b13efb7467ae27e2c8f9e83434dacf2682595124d8902554a4e18351e5781"},
    {file = "pre_commit-2.9.2.tar.gz", hash = "sha256:e31c04bc23741194a7c0b983fe512801e151a0638c6001c49f2bd034f8a664a1"},
]
pycodestyle = [
    {file = "pycodestyle-2.6.0-py2.py3-none-any.whl", hash = "sha256:2295e7b2f6b5bd100585ebcb1f616591b652db8a741695b3d8f5d28bdc934367"},
    {file = "pycodestyle-2.6.0.tar.gz", hash = "sha256:c58a7d2815e0e8d7972bf1803331fb0152f867bd89adf8a01dfd55085434192e"},
]
pycparser = [
    {file = "pycparser-2.20-py2.py3-none-any.whl", hash = "sha256:7582ad22678f0fcd81102833f60ef8d0e57288b6b5fb00323d101be910e35705"},
    {file = "pycparser-2.20.tar.gz", hash = "sha256:2d475327684562c3a96cc71adf7dc8c4f0565175cf86b6d7a404ff4c771f15f0"},
]
pyflakes = [
    {file = "pyflakes-2.2.0-py2.py3-none-any.whl", hash = "sha256:0d94e0e05a19e57a99444b6ddcf9a6eb2e5c68d3ca1e98e90707af8152c90a92"},
    {file = "pyflakes-2.2.0.tar.gz", hash = "sha256:35b2d75ee967ea93b55750aa9edbbf72813e06a66ba54438df2cfac9e3c27fc8"},
]
pyhamcrest = [
    {file = "PyHamcrest-2.0.2-py3-none-any.whl", hash = "sha256:7ead136e03655af85069b6f47b23eb7c3e5c221aa9f022a4fbb499f5b7308f29"},
    {file = "PyHamcrest-2.0.2.tar.gz", hash = "sha256:412e00137858f04bde0729913874a48485665f2d36fe9ee449f26be864af9316"},
]
pyobjc-core = [
    {file = "pyobjc-core-7.0.1.tar.gz", hash = "sha256:7213bfd48c49f5b4d479256924e0120d728ed449de8188cba9e204c434ed07f2"},
    {file = "pyobjc_core-7.0.1-cp37-cp37m-macosx_10_9_x86_64.whl", hash = "sha256:6f84a5744e44ec709daca1e66b95c3c010e4159bc2cfc442c27c0d28b0456eda"},
    {file = "pyobjc_core-7.0.1-cp38-cp38-macosx_10_9_x86_64.whl", hash = "sha256:e2fdba7997d5c9d518256f9d2e9f7780fcc6332b0371207374f38d7e9fad7bc8"},
]
pyobjc-framework-cocoa = [
    {file = "pyobjc-framework-Cocoa-7.0.1.tar.gz", hash = "sha256:8a545b47b2021884bd8e5644ac32ee6d99a1f8e6a45cab3e6d1b999adf968630"},
    {file = "pyobjc_framework_Cocoa-7.0.1-cp37-cp37m-macosx_10_9_x86_64.whl", hash = "sha256:4675accc4720b42f456a35ba7cdd9e1cb44b9b84fcc600beef120ae05d2c5d27"},
    {file = "pyobjc_framework_Cocoa-7.0.1-cp38-cp38-macosx_10_9_x86_64.whl", hash = "sha256:42e106c3d688e66b1032b0819daa842a78eff6f7646b5af4be8774d0c8f5e200"},
]
pyobjc-framework-corebluetooth = [
    {file = "pyobjc-framework-CoreBluetooth-7.0.1.tar.gz", hash = "sha256:6a4c8c531a94489808500a18c44d9de75ef6836c2465ce0b665ce83e2863884c"},
    {file = "pyobjc_framework_CoreBluetooth-7.0.1-cp36-abi3-macosx_10_9_x86_64.whl", hash = "sha256:7c4f6aa8d6608b2f8b858776ca4f1250199e9f36d2dba6760321946eb6a40b39"},
]
pyobjc-framework-libdispatch = [
    {file = "pyobjc-framework-libdispatch-7.0.1.tar.gz", hash = "sha256:e75e4fb914e72716afb609d9fe7ad47b8558b7a44c0bf3a3ceffebd22780daa8"},
    {file = "pyobjc_framework_libdispatch-7.0.1-cp37-cp37m-macosx_10_9_x86_64.whl", hash = "sha256:01c8877154cc05d57db1049d3d99b96664e3227778cd327954664870a8a63c33"},
    {file = "pyobjc_framework_libdispatch-7.0.1-cp38-cp38-macosx_10_9_x86_64.whl", hash = "sha256:d2ad0b3fb849b2232b008134802d9aead5e7c61c49760d610e66db3f53314c67"},
]
pythonnet = [
    {file = "pythonnet-2.5.1-cp27-cp27m-win32.whl", hash = "sha256:5d1ec84c7d1ec9d31350383bb4832ef51a916e43cae11d7f7fc127985f62ab6c"},
    {file = "pythonnet-2.5.1-cp27-cp27m-win_amd64.whl", hash = "sha256:6fb41f0b9f3cd9a7ad581e6c817ad44e8ba7cd9ee4b91bbb7718fd85284b0c65"},
    {file = "pythonnet-2.5.1-cp35-cp35m-win32.whl", hash = "sha256:3555c3a1ed5e7359d156043e1b4a4db2c6ae90fad0e8c70547af01e76c86f374"},
    {file = "pythonnet-2.5.1-cp35-cp35m-win_amd64.whl", hash = "sha256:faa3c2a90aadce92bfb28570830b498954243eb5c6907d41e9dcbd936ec9ca52"},
    {file = "pythonnet-2.5.1-cp36-cp36m-win32.whl", hash = "sha256:f0cd76232072b15bba4459cbf9475d81348065ac120e20c301d2593621dd0a76"},
    {file = "pythonnet-2.5.1-cp36-cp36m-win_amd64.whl", hash = "sha256:6b808b3278395f2a2b166844d6b23032f28cda22e5296d2e57a8ecd38cb0d554"},
    {file = "pythonnet-2.5.1-cp37-cp37m-win32.whl", hash = "sha256:93065007501edbe9a97dff1dbb041eeb8f3c1551d469070761b7a75c24308fa2"},
    {file = "pythonnet-2.5.1-cp37-cp37m-win_amd64.whl", hash = "sha256:6bbf050084224d54da7aeb6a90f068e90ae4d3750248700aa0acab7d657df8cd"},
    {file = "pythonnet-2.5.1-cp38-cp38-win32.whl", hash = "sha256:71d5af9205a6f872e654b21a4f77fb2385aa9feff8760057c0518dc470f19d6f"},
    {file = "pythonnet-2.5.1-cp38-cp38-win_amd64.whl", hash = "sha256:c1db9edf41489c1227746cf6382bd087e08b494632010a6bead92984f000a4bf"},
    {file = "pythonnet-2.5.1.tar.gz", hash = "sha256:b4e876e0ddb52c7ce187c1abf529ef1e419743af283fde9d5769c798cf4b078f"},
]
pyyaml = [
    {file = "PyYAML-5.3.1-cp27-cp27m-win32.whl", hash = "sha256:74809a57b329d6cc0fdccee6318f44b9b8649961fa73144a98735b0aaf029f1f"},
    {file = "PyYAML-5.3.1-cp27-cp27m-win_amd64.whl", hash = "sha256:240097ff019d7c70a4922b6869d8a86407758333f02203e0fc6ff79c5dcede76"},
    {file = "PyYAML-5.3.1-cp35-cp35m-win32.whl", hash = "sha256:4f4b913ca1a7319b33cfb1369e91e50354d6f07a135f3b901aca02aa95940bd2"},
    {file = "PyYAML-5.3.1-cp35-cp35m-win_amd64.whl", hash = "sha256:cc8955cfbfc7a115fa81d85284ee61147059a753344bc51098f3ccd69b0d7e0c"},
    {file = "PyYAML-5.3.1-cp36-cp36m-win32.whl", hash = "sha256:7739fc0fa8205b3ee8808aea45e968bc90082c10aef6ea95e855e10abf4a37b2"},
    {file = "PyYAML-5.3.1-cp36-cp36m-win_amd64.whl", hash = "sha256:69f00dca373f240f842b2931fb2c7e14ddbacd1397d57157a9b005a6a9942648"},
    {file = "PyYAML-5.3.1-cp37-cp37m-win32.whl", hash = "sha256:d13155f591e6fcc1ec3b30685d50bf0711574e2c0dfffd7644babf8b5102ca1a"},
    {file = "PyYAML-5.3.1-cp37-cp37m-win_amd64.whl", hash = "sha256:73f099454b799e05e5ab51423c7bcf361c58d3206fa7b0d555426b1f4d9a3eaf"},
    {file = "PyYAML-5.3.1-cp38-cp38-win32.whl", hash = "sha256:06a0d7ba600ce0b2d2fe2e78453a470b5a6e000a985dd4a4e54e436cc36b0e97"},
    {file = "PyYAML-5.3.1-cp38-cp38-win_amd64.whl", hash = "sha256:95f71d2af0ff4227885f7a6605c37fd53d3a106fcab511b8860ecca9fcf400ee"},
    {file = "PyYAML-5.3.1.tar.gz", hash = "sha256:b8eac752c5e14d3eca0e6dd9199cd627518cb5ec06add0de9d32baeee6fe645d"},
]
shellingham = [
    {file = "shellingham-1.3.2-py2.py3-none-any.whl", hash = "sha256:7f6206ae169dc1a03af8a138681b3f962ae61cc93ade84d0585cca3aaf770044"},
    {file = "shellingham-1.3.2.tar.gz", hash = "sha256:576c1982bea0ba82fb46c36feb951319d7f42214a82634233f58b40d858a751e"},
]
six = [
    {file = "six-1.15.0-py2.py3-none-any.whl", hash = "sha256:8b74bedcbbbaca38ff6d7491d76f2b06b3592611af620f8426e82dddb04a5ced"},
    {file = "six-1.15.0.tar.gz", hash = "sha256:30639c035cdb23534cd4aa2dd52c3bf48f06e5f4a941509c8bafd8ce11080259"},
]
toml = [
    {file = "toml-0.10.2-py2.py3-none-any.whl", hash = "sha256:806143ae5bfb6a3c6e736a764057db0e6a0e05e338b5630894a5f779cabb4f9b"},
    {file = "toml-0.10.2.tar.gz", hash = "sha256:b3bda1d108d5dd99f4a20d24d9c348e91c4db7ab1b749200bded2f839ccbe68f"},
]
twisted = [
    {file = "Twisted-20.3.0-cp27-cp27m-macosx_10_6_intel.whl", hash = "sha256:cdbc4c7f0cd7a2218b575844e970f05a1be1861c607b0e048c9bceca0c4d42f7"},
    {file = "Twisted-20.3.0-cp27-cp27m-manylinux1_i686.whl", hash = "sha256:d267125cc0f1e8a0eed6319ba4ac7477da9b78a535601c49ecd20c875576433a"},
    {file = "Twisted-20.3.0-cp27-cp27m-manylinux1_x86_64.whl", hash = "sha256:356e8d8dd3590e790e3dba4db139eb8a17aca64b46629c622e1b1597a4a92478"},
    {file = "Twisted-20.3.0-cp27-cp27m-win32.whl", hash = "sha256:ca3a0b8c9110800e576d89b5337373e52018b41069bc879f12fa42b7eb2d0274"},
    {file = "Twisted-20.3.0-cp27-cp27m-win_amd64.whl", hash = "sha256:cd1dc5c85b58494138a3917752b54bb1daa0045d234b7c132c37a61d5483ebad"},
    {file = "Twisted-20.3.0-cp27-cp27mu-manylinux1_i686.whl", hash = "sha256:94ac3d55a58c90e2075c5fe1853f2aa3892b73e3bf56395f743aefde8605eeaa"},
    {file = "Twisted-20.3.0-cp27-cp27mu-manylinux1_x86_64.whl", hash = "sha256:7408c6635ee1b96587289283ebe90ee15dbf9614b05857b446055116bc822d29"},
    {file = "Twisted-20.3.0-cp35-cp35m-macosx_10_6_intel.whl", hash = "sha256:c09c47ff9750a8e3aa60ad169c4b95006d455a29b80ad0901f031a103b2991cd"},
    {file = "Twisted-20.3.0-cp35-cp35m-manylinux1_i686.whl", hash = "sha256:158ddb80719a4813d292293ac44ba41d8b56555ed009d90994a278237ee63d2c"},
    {file = "Twisted-20.3.0-cp35-cp35m-manylinux1_x86_64.whl", hash = "sha256:040eb6641125d2a9a09cf198ec7b83dd8858c6f51f6770325ed9959c00f5098f"},
    {file = "Twisted-20.3.0-cp35-cp35m-win32.whl", hash = "sha256:147780b8caf21ba2aef3688628eaf13d7e7fe02a86747cd54bfaf2140538f042"},
    {file = "Twisted-20.3.0-cp35-cp35m-win_amd64.whl", hash = "sha256:25ffcf37944bdad4a99981bc74006d735a678d2b5c193781254fbbb6d69e3b22"},
    {file = "Twisted-20.3.0-cp36-cp36m-macosx_10_6_intel.whl", hash = "sha256:a58e61a2a01e5bcbe3b575c0099a2bcb8d70a75b1a087338e0c48dd6e01a5f15"},
    {file = "Twisted-20.3.0-cp36-cp36m-manylinux1_i686.whl", hash = "sha256:7c547fd0215db9da8a1bc23182b309e84a232364cc26d829e9ee196ce840b114"},
    {file = "Twisted-20.3.0-cp36-cp36m-manylinux1_x86_64.whl", hash = "sha256:2182000d6ffc05d269e6c03bfcec8b57e20259ca1086180edaedec3f1e689292"},
    {file = "Twisted-20.3.0-cp36-cp36m-win32.whl", hash = "sha256:70952c56e4965b9f53b180daecf20a9595cf22b8d0935cd3bd664c90273c3ab2"},
    {file = "Twisted-20.3.0-cp36-cp36m-win_amd64.whl", hash = "sha256:3281d9ce889f7b21bdb73658e887141aa45a102baf3b2320eafcfba954fcefec"},
    {file = "Twisted-20.3.0-cp37-cp37m-macosx_10_6_intel.whl", hash = "sha256:e92703bed0cc21d6cb5c61d66922b3b1564015ca8a51325bd164a5e33798d504"},
    {file = "Twisted-20.3.0-cp37-cp37m-manylinux1_i686.whl", hash = "sha256:f058bd0168271de4dcdc39845b52dd0a4a2fecf5f1246335f13f5e96eaebb467"},
    {file = "Twisted-20.3.0-cp37-cp37m-manylinux1_x86_64.whl", hash = "sha256:894f6f3cfa57a15ea0d0714e4283913a5f2511dbd18653dd148eba53b3919797"},
    {file = "Twisted-20.3.0-cp37-cp37m-win32.whl", hash = "sha256:f3c19e5bd42bbe4bf345704ad7c326c74d3fd7a1b3844987853bef180be638d4"},
    {file = "Twisted-20.3.0-cp37-cp37m-win_amd64.whl", hash = "sha256:d95803193561a243cb0401b0567c6b7987d3f2a67046770e1dccd1c9e49a9780"},
    {file = "Twisted-20.3.0.tar.bz2", hash = "sha256:d72c55b5d56e176563b91d11952d13b01af8725c623e498db5507b6614fc1e10"},
]
txdbus = [
    {file = "txdbus-1.1.2.tar.gz", hash = "sha256:8375a5fb68a12054f0def91af800c821fb2232949337756ed975f88d8ea2bc97"},
]
typer = [
    {file = "typer-0.1.1-py3-none-any.whl", hash = "sha256:e6fdb492c2f20d2d8123b8b2f4efa060770f92664aad8d36126f53dce501e9a8"},
    {file = "typer-0.1.1.tar.gz", hash = "sha256:180d746de86724f9f94e90fa95caa065b5af9b3b3c77fc9d4d4ca1b75adc0c01"},
]
virtualenv = [
    {file = "virtualenv-20.2.1-py2.py3-none-any.whl", hash = "sha256:07cff122e9d343140366055f31be4dcd61fd598c69d11cd33a9d9c8df4546dd7"},
    {file = "virtualenv-20.2.1.tar.gz", hash = "sha256:e0aac7525e880a429764cefd3aaaff54afb5d9f25c82627563603f5d7de5a6e5"},
]
zipp = [
    {file = "zipp-3.4.0-py3-none-any.whl", hash = "sha256:102c24ef8f171fd729d46599845e95c7ab894a4cf45f5de11a44cc7444fb1108"},
    {file = "zipp-3.4.0.tar.gz", hash = "sha256:ed5eee1974372595f9e416cc7bbeeb12335201d8081ca8a0743c954d4446e5cb"},
]
"zope.interface" = [
    {file = "zope.interface-5.2.0-cp27-cp27m-macosx_10_9_x86_64.whl", hash = "sha256:518950fe6a5d56f94ba125107895f938a4f34f704c658986eae8255edb41163b"},
    {file = "zope.interface-5.2.0-cp27-cp27m-manylinux1_i686.whl", hash = "sha256:6278c080d4afffc9016e14325f8734456831124e8c12caa754fd544435c08386"},
    {file = "zope.interface-5.2.0-cp27-cp27m-manylinux1_x86_64.whl", hash = "sha256:538298e4e113ccb8b41658d5a4b605bebe75e46a30ceca22a5a289cf02c80bec"},
    {file = "zope.interface-5.2.0-cp27-cp27m-manylinux2010_i686.whl", hash = "sha256:778d0ec38bbd288b150a3ae363c8ffd88d2207a756842495e9bffd8a8afbc89a"},
    {file = "zope.interface-5.2.0-cp27-cp27m-manylinux2010_x86_64.whl", hash = "sha256:64ea6c221aeee4796860405e1aedec63424cda4202a7ad27a5066876db5b0fd2"},
    {file = "zope.interface-5.2.0-cp27-cp27m-win32.whl", hash = "sha256:92dc0fb79675882d0b6138be4bf0cec7ea7c7eede60aaca78303d8e8dbdaa523"},
    {file = "zope.interface-5.2.0-cp27-cp27m-win_amd64.whl", hash = "sha256:844fad925ac5c2ad4faaceb3b2520ad016b5280105c6e16e79838cf951903a7b"},
    {file = "zope.interface-5.2.0-cp27-cp27mu-manylinux1_i686.whl", hash = "sha256:588384d70a0f19b47409cfdb10e0c27c20e4293b74fc891df3d8eb47782b8b3e"},
    {file = "zope.interface-5.2.0-cp27-cp27mu-manylinux1_x86_64.whl", hash = "sha256:07d61722dd7d85547b7c6b0f5486b4338001fab349f2ac5cabc0b7182eb3425d"},
    {file = "zope.interface-5.2.0-cp27-cp27mu-manylinux2010_i686.whl", hash = "sha256:495b63fd0302f282ee6c1e6ea0f1c12cb3d1a49c8292d27287f01845ff252a96"},
    {file = "zope.interface-5.2.0-cp27-cp27mu-manylinux2010_x86_64.whl", hash = "sha256:299bde0ab9e5c4a92f01a152b7fbabb460f31343f1416f9b7b983167ab1e33bc"},
    {file = "zope.interface-5.2.0-cp35-cp35m-macosx_10_6_intel.whl", hash = "sha256:32546af61a9a9b141ca38d971aa6eb9800450fa6620ce6323cc30eec447861f3"},
    {file = "zope.interface-5.2.0-cp35-cp35m-manylinux1_i686.whl", hash = "sha256:2ab88d8f228f803fcb8cb7d222c579d13dab2d3622c51e8cf321280da01102a7"},
    {file = "zope.interface-5.2.0-cp35-cp35m-manylinux1_x86_64.whl", hash = "sha256:cbd0f2cbd8689861209cd89141371d3a22a11613304d1f0736492590aa0ab332"},
    {file = "zope.interface-5.2.0-cp35-cp35m-manylinux2010_i686.whl", hash = "sha256:21e49123f375703cf824214939d39df0af62c47d122d955b2a8d9153ea08cfd5"},
    {file = "zope.interface-5.2.0-cp35-cp35m-manylinux2010_x86_64.whl", hash = "sha256:eccac3d9aadc68e994b6d228cb0c8919fc47a5350d85a1b4d3d81d1e98baf40c"},
    {file = "zope.interface-5.2.0-cp35-cp35m-manylinux2014_aarch64.whl", hash = "sha256:42b278ac0989d6f5cf58d7e0828ea6b5951464e3cf2ff229dd09a96cb6ba0c86"},
    {file = "zope.interface-5.2.0-cp35-cp35m-win32.whl", hash = "sha256:83b4aa5344cce005a9cff5d0321b2e318e871cc1dfc793b66c32dd4f59e9770d"},
    {file = "zope.interface-5.2.0-cp35-cp35m-win_amd64.whl", hash = "sha256:4df9afd17bd5477e9f8c8b6bb8507e18dd0f8b4efe73bb99729ff203279e9e3b"},
    {file = "zope.interface-5.2.0-cp36-cp36m-macosx_10_6_intel.whl", hash = "sha256:1743bcfe45af8846b775086471c28258f4c6e9ee8ef37484de4495f15a98b549"},
    {file = "zope.interface-5.2.0-cp36-cp36m-manylinux1_i686.whl", hash = "sha256:aedc6c672b351afe6dfe17ff83ee5e7eb6ed44718f879a9328a68bdb20b57e11"},
    {file = "zope.interface-5.2.0-cp36-cp36m-manylinux1_x86_64.whl", hash = "sha256:4af87cdc0d4b14e600e6d3d09793dce3b7171348a094ba818e2a68ae7ee67546"},
    {file = "zope.interface-5.2.0-cp36-cp36m-manylinux2010_i686.whl", hash = "sha256:b7a00ecb1434f8183395fac5366a21ee73d14900082ca37cf74993cf46baa56c"},
    {file = "zope.interface-5.2.0-cp36-cp36m-manylinux2010_x86_64.whl", hash = "sha256:8ceb3667dd13b8133f2e4d637b5b00f240f066448e2aa89a41f4c2d78a26ce50"},
    {file = "zope.interface-5.2.0-cp36-cp36m-manylinux2014_aarch64.whl", hash = "sha256:efef581c8ba4d990770875e1a2218e856849d32ada2680e53aebc5d154a17e20"},
    {file = "zope.interface-5.2.0-cp36-cp36m-win32.whl", hash = "sha256:e4bc372b953bf6cec65a8d48482ba574f6e051621d157cf224227dbb55486b1e"},
    {file = "zope.interface-5.2.0-cp36-cp36m-win_amd64.whl", hash = "sha256:3cc94c69f6bd48ed86e8e24f358cb75095c8129827df1298518ab860115269a4"},
    {file = "zope.interface-5.2.0-cp37-cp37m-macosx_10_9_x86_64.whl", hash = "sha256:ba32f4a91c1cb7314c429b03afbf87b1fff4fb1c8db32260e7310104bd77f0c7"},
    {file = "zope.interface-5.2.0-cp37-cp37m-manylinux1_i686.whl", hash = "sha256:1b5f6c8fff4ed32aa2dd43e84061bc8346f32d3ba6ad6e58f088fe109608f102"},
    {file = "zope.interface-5.2.0-cp37-cp37m-manylinux1_x86_64.whl", hash = "sha256:efd550b3da28195746bb43bd1d815058181a7ca6d9d6aa89dd37f5eefe2cacb7"},
    {file = "zope.interface-5.2.0-cp37-cp37m-manylinux2010_i686.whl", hash = "sha256:aab9f1e34d810feb00bf841993552b8fcc6ae71d473c505381627143d0018a6a"},
    {file = "zope.interface-5.2.0-cp37-cp37m-manylinux2010_x86_64.whl", hash = "sha256:55465121e72e208a7b69b53de791402affe6165083b2ea71b892728bd19ba9ae"},
    {file = "zope.interface-5.2.0-cp37-cp37m-manylinux2014_aarch64.whl", hash = "sha256:32b40a4c46d199827d79c86bb8cb88b1bbb764f127876f2cb6f3a47f63dbada3"},
    {file = "zope.interface-5.2.0-cp37-cp37m-win32.whl", hash = "sha256:abb61afd84f23099ac6099d804cdba9bd3b902aaaded3ffff47e490b0a495520"},
    {file = "zope.interface-5.2.0-cp37-cp37m-win_amd64.whl", hash = "sha256:21f579134a47083ffb5ddd1307f0405c91aa8b61ad4be6fd5af0171474fe0c45"},
    {file = "zope.interface-5.2.0-cp38-cp38-macosx_10_9_x86_64.whl", hash = "sha256:4c48ddb63e2b20fba4c6a2bf81b4d49e99b6d4587fb67a6cd33a2c1f003af3e3"},
    {file = "zope.interface-5.2.0-cp38-cp38-manylinux1_i686.whl", hash = "sha256:2dcab01c660983ba5e5a612e0c935141ccbee67d2e2e14b833e01c2354bd8034"},
    {file = "zope.interface-5.2.0-cp38-cp38-manylinux1_x86_64.whl", hash = "sha256:150e8bcb7253a34a4535aeea3de36c0bb3b1a6a47a183a95d65a194b3e07f232"},
    {file = "zope.interface-5.2.0-cp38-cp38-manylinux2010_i686.whl", hash = "sha256:681dbb33e2b40262b33fd383bae63c36d33fd79fa1a8e4092945430744ffd34a"},
    {file = "zope.interface-5.2.0-cp38-cp38-manylinux2010_x86_64.whl", hash = "sha256:2ced4c35061eea623bc84c7711eedce8ecc3c2c51cd9c6afa6290df3bae9e104"},
    {file = "zope.interface-5.2.0-cp38-cp38-manylinux2014_aarch64.whl", hash = "sha256:f37d45fab14ffef9d33a0dc3bc59ce0c5313e2253323312d47739192da94f5fd"},
    {file = "zope.interface-5.2.0-cp38-cp38-win32.whl", hash = "sha256:9789bd945e9f5bd026ed3f5b453d640befb8b1fc33a779c1fe8d3eb21fe3fb4a"},
    {file = "zope.interface-5.2.0-cp38-cp38-win_amd64.whl", hash = "sha256:0a990dcc97806e5980bbb54b2e46b9cde9e48932d8e6984daf71ef1745516123"},
    {file = "zope.interface-5.2.0-cp39-cp39-macosx_10_9_x86_64.whl", hash = "sha256:4b94df9f2fdde7b9314321bab8448e6ad5a23b80542dcab53e329527d4099dcb"},
    {file = "zope.interface-5.2.0-cp39-cp39-manylinux1_i686.whl", hash = "sha256:6936aa9da390402d646a32a6a38d5409c2d2afb2950f045a7d02ab25a4e7d08d"},
    {file = "zope.interface-5.2.0-cp39-cp39-manylinux1_x86_64.whl", hash = "sha256:adf9ee115ae8ff8b6da4b854b4152f253b390ba64407a22d75456fe07dcbda65"},
    {file = "zope.interface-5.2.0-cp39-cp39-manylinux2010_i686.whl", hash = "sha256:f44906f70205d456d503105023041f1e63aece7623b31c390a0103db4de17537"},
    {file = "zope.interface-5.2.0-cp39-cp39-manylinux2010_x86_64.whl", hash = "sha256:f057897711a630a0b7a6a03f1acf379b6ba25d37dc5dc217a97191984ba7f2fc"},
    {file = "zope.interface-5.2.0-cp39-cp39-manylinux2014_aarch64.whl", hash = "sha256:05a97ba92c1c7c26f25c9f671aa1ef85ffead6cdad13770e5b689cf983adc7e1"},
    {file = "zope.interface-5.2.0-cp39-cp39-win32.whl", hash = "sha256:27c267dc38a0f0079e96a2945ee65786d38ef111e413c702fbaaacbab6361d00"},
    {file = "zope.interface-5.2.0-cp39-cp39-win_amd64.whl", hash = "sha256:a2b6d6eb693bc2fc6c484f2e5d93bd0b0da803fa77bf974f160533e555e4d095"},
    {file = "zope.interface-5.2.0.tar.gz", hash = "sha256:8251f06a77985a2729a8bdbefbae79ee78567dddc3acbd499b87e705ca59fe24"},
]
